
Microsoft Visual Studio Solution File, Format Version 12.00
# Visual Studio Version 17
VisualStudioVersion = 17.5.002.0
MinimumVisualStudioVersion = 10.0.40219.1
Project("{2150E333-8FDC-42A3-9474-1A3956D46DE8}") = "sandbox", "sandbox", "{1DDB7AFB-E3A6-4635-85FD-C43505FCD5CB}"
EndProject
Project("{9A19103F-16F7-4668-BE54-9A1E7A4F7556}") = "sandbox_project", "sandbox\sandbox_project\sandbox_project.csproj", "{72A95185-1F4C-4288-9ECE-5836070A56D7}"
EndProject
Project("{2150E333-8FDC-42A3-9474-1A3956D46DE8}") = "week01", "week01", "{A13E7148-77C5-4162-9A8A-D0049B94C117}"
EndProject
Project("{9A19103F-16F7-4668-BE54-9A1E7A4F7556}") = "analyze", "week01\analyze\analyze.csproj", "{78D9F49E-4C7C-4B84-A7E3-FE2BF90B4E3A}"
EndProject
Project("{9A19103F-16F7-4668-BE54-9A1E7A4F7556}") = "code", "week01\code\code.csproj", "{0722508F-111C-4F9D-B6E7-7A2249E95DDD}"
EndProject
Project("{9A19103F-16F7-4668-BE54-9A1E7A4F7556}") = "teach", "week01\teach\teach.csproj", "{7BB1361A-A3D5-4318-A7DC-A1C403ED665E}"
EndProject
Project("{2150E333-8FDC-42A3-9474-1A3956D46DE8}") = "week02", "week02", "{637F678F-D6EB-47E7-A4BA-6B433EA45629}"
EndProject
Project("{9A19103F-16F7-4668-BE54-9A1E7A4F7556}") = "analyze", "week02\analyze\analyze.csproj", "{019FF42D-F941-4A07-AE98-89BB7D30090B}"
EndProject
Project("{9A19103F-16F7-4668-BE54-9A1E7A4F7556}") = "code", "week02\code\code.csproj", "{B389FB00-8B4C-42B0-8449-F1D894DCDE30}"
EndProject
Project("{9A19103F-16F7-4668-BE54-9A1E7A4F7556}") = "learn", "week02\learn\learn.csproj", "{8CD2E68F-5785-4910-BEC6-2F40A446B8F5}"
EndProject
Project("{9A19103F-16F7-4668-BE54-9A1E7A4F7556}") = "teach", "week02\teach\teach.csproj", "{0806951D-AD89-4609-923F-97672BA9BCBC}"
EndProject
Project("{2150E333-8FDC-42A3-9474-1A3956D46DE8}") = "week03", "week03", "{6F301852-1BEE-4571-9365-3A5C8D506D51}"
EndProject
Project("{9A19103F-16F7-4668-BE54-9A1E7A4F7556}") = "code", "week03\code\code.csproj", "{5C0D5709-A6E2-48A0-8CBC-6D429E06B923}"
EndProject
Project("{9A19103F-16F7-4668-BE54-9A1E7A4F7556}") = "learn", "week03\learn\learn.csproj", "{24E6D3C8-782B-4E2C-8D19-C6B2297BEAB0}"
EndProject
Project("{9A19103F-16F7-4668-BE54-9A1E7A4F7556}") = "teach", "week03\teach\teach.csproj", "{D58A0555-9F37-4599-8B41-CE1877BE995D}"
EndProject
Project("{2150E333-8FDC-42A3-9474-1A3956D46DE8}") = "week04", "week04", "{F01E1BB7-4D0A-4B27-8257-0900159CD50A}"
EndProject
Project("{9A19103F-16F7-4668-BE54-9A1E7A4F7556}") = "code", "week04\code\code.csproj", "{5ADECEC3-E81D-4071-88F7-764229D4E37B}"
EndProject
Project("{2150E333-8FDC-42A3-9474-1A3956D46DE8}") = "week05", "week05", "{827407B3-A40A-4F0F-9C0C-B525A89AD8EB}"
EndProject
Project("{9A19103F-16F7-4668-BE54-9A1E7A4F7556}") = "code", "week05\code\code.csproj", "{1F82F721-AD3D-4ABF-953B-1E71BF4AEC26}"
EndProject
Project("{2150E333-8FDC-42A3-9474-1A3956D46DE8}") = "week06", "week06", "{7928307E-C54D-4B35-A7D8-3A8DE03CB209}"
EndProject
Project("{9A19103F-16F7-4668-BE54-9A1E7A4F7556}") = "code", "week06\code\code.csproj", "{5CDE723D-4BEE-4F9A-999D-DDCEC2D62539}"
EndProject
Global
	GlobalSection(SolutionConfigurationPlatforms) = preSolution
		Debug|Any CPU = Debug|Any CPU
		Release|Any CPU = Release|Any CPU
	EndGlobalSection
	GlobalSection(ProjectConfigurationPlatforms) = postSolution
		{72A95185-1F4C-4288-9ECE-5836070A56D7}.Debug|Any CPU.ActiveCfg = Debug|Any CPU
		{72A95185-1F4C-4288-9ECE-5836070A56D7}.Debug|Any CPU.Build.0 = Debug|Any CPU
		{72A95185-1F4C-4288-9ECE-5836070A56D7}.Release|Any CPU.ActiveCfg = Release|Any CPU
		{72A95185-1F4C-4288-9ECE-5836070A56D7}.Release|Any CPU.Build.0 = Release|Any CPU
		{78D9F49E-4C7C-4B84-A7E3-FE2BF90B4E3A}.Debug|Any CPU.ActiveCfg = Debug|Any CPU
		{78D9F49E-4C7C-4B84-A7E3-FE2BF90B4E3A}.Debug|Any CPU.Build.0 = Debug|Any CPU
		{78D9F49E-4C7C-4B84-A7E3-FE2BF90B4E3A}.Release|Any CPU.ActiveCfg = Release|Any CPU
		{78D9F49E-4C7C-4B84-A7E3-FE2BF90B4E3A}.Release|Any CPU.Build.0 = Release|Any CPU
		{0722508F-111C-4F9D-B6E7-7A2249E95DDD}.Debug|Any CPU.ActiveCfg = Debug|Any CPU
		{0722508F-111C-4F9D-B6E7-7A2249E95DDD}.Debug|Any CPU.Build.0 = Debug|Any CPU
		{0722508F-111C-4F9D-B6E7-7A2249E95DDD}.Release|Any CPU.ActiveCfg = Release|Any CPU
		{0722508F-111C-4F9D-B6E7-7A2249E95DDD}.Release|Any CPU.Build.0 = Release|Any CPU
		{7BB1361A-A3D5-4318-A7DC-A1C403ED665E}.Debug|Any CPU.ActiveCfg = Debug|Any CPU
		{7BB1361A-A3D5-4318-A7DC-A1C403ED665E}.Debug|Any CPU.Build.0 = Debug|Any CPU
		{7BB1361A-A3D5-4318-A7DC-A1C403ED665E}.Release|Any CPU.ActiveCfg = Release|Any CPU
		{7BB1361A-A3D5-4318-A7DC-A1C403ED665E}.Release|Any CPU.Build.0 = Release|Any CPU
		{019FF42D-F941-4A07-AE98-89BB7D30090B}.Debug|Any CPU.ActiveCfg = Debug|Any CPU
		{019FF42D-F941-4A07-AE98-89BB7D30090B}.Debug|Any CPU.Build.0 = Debug|Any CPU
		{019FF42D-F941-4A07-AE98-89BB7D30090B}.Release|Any CPU.ActiveCfg = Release|Any CPU
		{019FF42D-F941-4A07-AE98-89BB7D30090B}.Release|Any CPU.Build.0 = Release|Any CPU
		{B389FB00-8B4C-42B0-8449-F1D894DCDE30}.Debug|Any CPU.ActiveCfg = Debug|Any CPU
		{B389FB00-8B4C-42B0-8449-F1D894DCDE30}.Debug|Any CPU.Build.0 = Debug|Any CPU
		{B389FB00-8B4C-42B0-8449-F1D894DCDE30}.Release|Any CPU.ActiveCfg = Release|Any CPU
		{B389FB00-8B4C-42B0-8449-F1D894DCDE30}.Release|Any CPU.Build.0 = Release|Any CPU
		{8CD2E68F-5785-4910-BEC6-2F40A446B8F5}.Debug|Any CPU.ActiveCfg = Debug|Any CPU
		{8CD2E68F-5785-4910-BEC6-2F40A446B8F5}.Debug|Any CPU.Build.0 = Debug|Any CPU
		{8CD2E68F-5785-4910-BEC6-2F40A446B8F5}.Release|Any CPU.ActiveCfg = Release|Any CPU
		{8CD2E68F-5785-4910-BEC6-2F40A446B8F5}.Release|Any CPU.Build.0 = Release|Any CPU
		{0806951D-AD89-4609-923F-97672BA9BCBC}.Debug|Any CPU.ActiveCfg = Debug|Any CPU
		{0806951D-AD89-4609-923F-97672BA9BCBC}.Debug|Any CPU.Build.0 = Debug|Any CPU
		{0806951D-AD89-4609-923F-97672BA9BCBC}.Release|Any CPU.ActiveCfg = Release|Any CPU
		{0806951D-AD89-4609-923F-97672BA9BCBC}.Release|Any CPU.Build.0 = Release|Any CPU
		{5C0D5709-A6E2-48A0-8CBC-6D429E06B923}.Debug|Any CPU.ActiveCfg = Debug|Any CPU
		{5C0D5709-A6E2-48A0-8CBC-6D429E06B923}.Debug|Any CPU.Build.0 = Debug|Any CPU
		{5C0D5709-A6E2-48A0-8CBC-6D429E06B923}.Release|Any CPU.ActiveCfg = Release|Any CPU
		{5C0D5709-A6E2-48A0-8CBC-6D429E06B923}.Release|Any CPU.Build.0 = Release|Any CPU
		{24E6D3C8-782B-4E2C-8D19-C6B2297BEAB0}.Debug|Any CPU.ActiveCfg = Debug|Any CPU
		{24E6D3C8-782B-4E2C-8D19-C6B2297BEAB0}.Debug|Any CPU.Build.0 = Debug|Any CPU
		{24E6D3C8-782B-4E2C-8D19-C6B2297BEAB0}.Release|Any CPU.ActiveCfg = Release|Any CPU
		{24E6D3C8-782B-4E2C-8D19-C6B2297BEAB0}.Release|Any CPU.Build.0 = Release|Any CPU
		{D58A0555-9F37-4599-8B41-CE1877BE995D}.Debug|Any CPU.ActiveCfg = Debug|Any CPU
		{D58A0555-9F37-4599-8B41-CE1877BE995D}.Debug|Any CPU.Build.0 = Debug|Any CPU
		{D58A0555-9F37-4599-8B41-CE1877BE995D}.Release|Any CPU.ActiveCfg = Release|Any CPU
		{D58A0555-9F37-4599-8B41-CE1877BE995D}.Release|Any CPU.Build.0 = Release|Any CPU
		{5ADECEC3-E81D-4071-88F7-764229D4E37B}.Debug|Any CPU.ActiveCfg = Debug|Any CPU
		{5ADECEC3-E81D-4071-88F7-764229D4E37B}.Debug|Any CPU.Build.0 = Debug|Any CPU
		{5ADECEC3-E81D-4071-88F7-764229D4E37B}.Release|Any CPU.ActiveCfg = Release|Any CPU
		{5ADECEC3-E81D-4071-88F7-764229D4E37B}.Release|Any CPU.Build.0 = Release|Any CPU
		{1F82F721-AD3D-4ABF-953B-1E71BF4AEC26}.Debug|Any CPU.ActiveCfg = Debug|Any CPU
		{1F82F721-AD3D-4ABF-953B-1E71BF4AEC26}.Debug|Any CPU.Build.0 = Debug|Any CPU
		{1F82F721-AD3D-4ABF-953B-1E71BF4AEC26}.Release|Any CPU.ActiveCfg = Release|Any CPU
		{1F82F721-AD3D-4ABF-953B-1E71BF4AEC26}.Release|Any CPU.Build.0 = Release|Any CPU
		{5CDE723D-4BEE-4F9A-999D-DDCEC2D62539}.Debug|Any CPU.ActiveCfg = Debug|Any CPU
		{5CDE723D-4BEE-4F9A-999D-DDCEC2D62539}.Debug|Any CPU.Build.0 = Debug|Any CPU
		{5CDE723D-4BEE-4F9A-999D-DDCEC2D62539}.Release|Any CPU.ActiveCfg = Release|Any CPU
		{5CDE723D-4BEE-4F9A-999D-DDCEC2D62539}.Release|Any CPU.Build.0 = Release|Any CPU
	EndGlobalSection
	GlobalSection(SolutionProperties) = preSolution
		HideSolutionNode = FALSE
	EndGlobalSection
	GlobalSection(NestedProjects) = preSolution
		{72A95185-1F4C-4288-9ECE-5836070A56D7} = {1DDB7AFB-E3A6-4635-85FD-C43505FCD5CB}
		{78D9F49E-4C7C-4B84-A7E3-FE2BF90B4E3A} = {A13E7148-77C5-4162-9A8A-D0049B94C117}
		{0722508F-111C-4F9D-B6E7-7A2249E95DDD} = {A13E7148-77C5-4162-9A8A-D0049B94C117}
		{7BB1361A-A3D5-4318-A7DC-A1C403ED665E} = {A13E7148-77C5-4162-9A8A-D0049B94C117}
		{019FF42D-F941-4A07-AE98-89BB7D30090B} = {637F678F-D6EB-47E7-A4BA-6B433EA45629}
		{B389FB00-8B4C-42B0-8449-F1D894DCDE30} = {637F678F-D6EB-47E7-A4BA-6B433EA45629}
		{8CD2E68F-5785-4910-BEC6-2F40A446B8F5} = {637F678F-D6EB-47E7-A4BA-6B433EA45629}
		{0806951D-AD89-4609-923F-97672BA9BCBC} = {637F678F-D6EB-47E7-A4BA-6B433EA45629}
		{5C0D5709-A6E2-48A0-8CBC-6D429E06B923} = {6F301852-1BEE-4571-9365-3A5C8D506D51}
		{24E6D3C8-782B-4E2C-8D19-C6B2297BEAB0} = {6F301852-1BEE-4571-9365-3A5C8D506D51}
		{D58A0555-9F37-4599-8B41-CE1877BE995D} = {6F301852-1BEE-4571-9365-3A5C8D506D51}
		{5ADECEC3-E81D-4071-88F7-764229D4E37B} = {F01E1BB7-4D0A-4B27-8257-0900159CD50A}
		{1F82F721-AD3D-4ABF-953B-1E71BF4AEC26} = {827407B3-A40A-4F0F-9C0C-B525A89AD8EB}
		{5CDE723D-4BEE-4F9A-999D-DDCEC2D62539} = {7928307E-C54D-4B35-A7D8-3A8DE03CB209}
	EndGlobalSection
	GlobalSection(ExtensibilityGlobals) = postSolution
		SolutionGuid = {1D0B7A97-9067-48D2-AD33-2A56D5416242}
	EndGlobalSection
EndGlobal
